{
  "name": "tokio-wix-backend",
  "lockfileVersion": 2,
  "requires": true,
  "packages": {
    "": {
      "dependencies": {
        "@wix/wix-code-types": "^1.0.35",
        "corvid-types": "^0.4.176"
      }
    },
    "node_modules/@wix/wix-code-types": {
      "version": "1.0.35",
      "resolved": "https://registry.npmjs.org/@wix/wix-code-types/-/wix-code-types-1.0.35.tgz",
      "integrity": "sha512-F4OS4Jf4QBRmdS8rIpuMgwR0fYgU3MkmzdZ5aSZL/rq6kTRIE4/RwuYJ9X8QyUjy9D0pEEALEe9a6b35NiMTfg==",
      "engines": {
        "node": ">=14.0.0"
      }
    },
    "node_modules/corvid-types": {
      "version": "0.4.176",
      "resolved": "https://registry.npmjs.org/corvid-types/-/corvid-types-0.4.176.tgz",
      "integrity": "sha512-gOzXqjSFOkNaeyg8lv62U5mFqBO0SW3NaKxQUh5Xr1STb/lDV9SXnfWp8BaX6MlJCLQxMkTWYY8RxBK+KdkmEg==",
      "engines": {
        "node": ">=12.22.0"
      }
    }
  },
  "dependencies": {
    "@wix/wix-code-types": {
      "version": "1.0.35",
      "resolved": "https://registry.npmjs.org/@wix/wix-code-types/-/wix-code-types-1.0.35.tgz",
      "integrity": "sha512-F4OS4Jf4QBRmdS8rIpuMgwR0fYgU3MkmzdZ5aSZL/rq6kTRIE4/RwuYJ9X8QyUjy9D0pEEALEe9a6b35NiMTfg=="
    },
    "corvid-types": {
      "version": "0.4.176",
      "resolved": "https://registry.npmjs.org/corvid-types/-/corvid-types-0.4.176.tgz",
      "integrity": "sha512-gOzXqjSFOkNaeyg8lv62U5mFqBO0SW3NaKxQUh5Xr1STb/lDV9SXnfWp8BaX6MlJCLQxMkTWYY8RxBK+KdkmEg=="
    }
  }
}
